
Microsoft Visual Studio Solution File, Format Version 12.00
# Visual Studio Version 16
VisualStudioVersion = 16.0.30225.117
MinimumVisualStudioVersion = 10.0.40219.1
Project("{FAE04EC0-301F-11D3-BF4B-00C04F79EFBC}") = "Ejercicio.Web", "Ejercicio.Web.csproj", "{B99A0A6A-B4F9-439D-8CD0-FE2331B9AECD}"
EndProject
Global
	GlobalSection(SolutionConfigurationPlatforms) = preSolution
		Debug|Any CPU = Debug|Any CPU
		Release|Any CPU = Release|Any CPU
	EndGlobalSection
	GlobalSection(ProjectConfigurationPlatforms) = postSolution
		{B99A0A6A-B4F9-439D-8CD0-FE2331B9AECD}.Debug|Any CPU.ActiveCfg = Debug|Any CPU
		{B99A0A6A-B4F9-439D-8CD0-FE2331B9AECD}.Debug|Any CPU.Build.0 = Debug|Any CPU
		{B99A0A6A-B4F9-439D-8CD0-FE2331B9AECD}.Release|Any CPU.ActiveCfg = Release|Any CPU
		{B99A0A6A-B4F9-439D-8CD0-FE2331B9AECD}.Release|Any CPU.Build.0 = Release|Any CPU
	EndGlobalSection
	GlobalSection(SolutionProperties) = preSolution
		HideSolutionNode = FALSE
	EndGlobalSection
	GlobalSection(ExtensibilityGlobals) = postSolution
		SolutionGuid = {46650189-DB8A-4B47-8A1B-CC7DD6DFB810}
	EndGlobalSection
EndGlobal
